
Microsoft Visual Studio Solution File, Format Version 12.00
# Visual Studio 15
VisualStudioVersion = 15.0.28010.2041
MinimumVisualStudioVersion = 10.0.40219.1
Project("{9A19103F-16F7-4668-BE54-9A1E7A4F7556}") = "FizzBuzzTree", "FizzBuzzTree\FizzBuzzTree.csproj", "{B233890A-578D-42AD-B94B-FF0258D4F4A5}"
EndProject
Project("{FAE04EC0-301F-11D3-BF4B-00C04F79EFBC}") = "FizzBuzzTreeTest", "FizzBuzzTreeTest\FizzBuzzTreeTest.csproj", "{F9006912-7EBA-40B1-9C91-26D67D9F6BA4}"
EndProject
Global
	GlobalSection(SolutionConfigurationPlatforms) = preSolution
		Debug|Any CPU = Debug|Any CPU
		Release|Any CPU = Release|Any CPU
	EndGlobalSection
	GlobalSection(ProjectConfigurationPlatforms) = postSolution
		{B233890A-578D-42AD-B94B-FF0258D4F4A5}.Debug|Any CPU.ActiveCfg = Debug|Any CPU
		{B233890A-578D-42AD-B94B-FF0258D4F4A5}.Debug|Any CPU.Build.0 = Debug|Any CPU
		{B233890A-578D-42AD-B94B-FF0258D4F4A5}.Release|Any CPU.ActiveCfg = Release|Any CPU
		{B233890A-578D-42AD-B94B-FF0258D4F4A5}.Release|Any CPU.Build.0 = Release|Any CPU
		{F9006912-7EBA-40B1-9C91-26D67D9F6BA4}.Debug|Any CPU.ActiveCfg = Debug|Any CPU
		{F9006912-7EBA-40B1-9C91-26D67D9F6BA4}.Debug|Any CPU.Build.0 = Debug|Any CPU
		{F9006912-7EBA-40B1-9C91-26D67D9F6BA4}.Release|Any CPU.ActiveCfg = Release|Any CPU
		{F9006912-7EBA-40B1-9C91-26D67D9F6BA4}.Release|Any CPU.Build.0 = Release|Any CPU
	EndGlobalSection
	GlobalSection(SolutionProperties) = preSolution
		HideSolutionNode = FALSE
	EndGlobalSection
	GlobalSection(ExtensibilityGlobals) = postSolution
		SolutionGuid = {817791BC-D63C-418F-943E-1556B463D2C1}
	EndGlobalSection
EndGlobal
