
Microsoft Visual Studio Solution File, Format Version 12.00
# Visual Studio 15
VisualStudioVersion = 15.0.28010.2041
MinimumVisualStudioVersion = 10.0.40219.1
Project("{9A19103F-16F7-4668-BE54-9A1E7A4F7556}") = "arrayBinarySearch", "arrayBinarySearch\arrayBinarySearch.csproj", "{C1990E0E-57D5-4B7A-A468-A317752257F2}"
EndProject
Project("{FAE04EC0-301F-11D3-BF4B-00C04F79EFBC}") = "BinarySearchTest", "BinarySearchTest\BinarySearchTest.csproj", "{0E0D8C56-749C-4F81-8672-EB706E5FB70E}"
EndProject
Global
	GlobalSection(SolutionConfigurationPlatforms) = preSolution
		Debug|Any CPU = Debug|Any CPU
		Release|Any CPU = Release|Any CPU
	EndGlobalSection
	GlobalSection(ProjectConfigurationPlatforms) = postSolution
		{C1990E0E-57D5-4B7A-A468-A317752257F2}.Debug|Any CPU.ActiveCfg = Debug|Any CPU
		{C1990E0E-57D5-4B7A-A468-A317752257F2}.Debug|Any CPU.Build.0 = Debug|Any CPU
		{C1990E0E-57D5-4B7A-A468-A317752257F2}.Release|Any CPU.ActiveCfg = Release|Any CPU
		{C1990E0E-57D5-4B7A-A468-A317752257F2}.Release|Any CPU.Build.0 = Release|Any CPU
		{0E0D8C56-749C-4F81-8672-EB706E5FB70E}.Debug|Any CPU.ActiveCfg = Debug|Any CPU
		{0E0D8C56-749C-4F81-8672-EB706E5FB70E}.Debug|Any CPU.Build.0 = Debug|Any CPU
		{0E0D8C56-749C-4F81-8672-EB706E5FB70E}.Release|Any CPU.ActiveCfg = Release|Any CPU
		{0E0D8C56-749C-4F81-8672-EB706E5FB70E}.Release|Any CPU.Build.0 = Release|Any CPU
	EndGlobalSection
	GlobalSection(SolutionProperties) = preSolution
		HideSolutionNode = FALSE
	EndGlobalSection
	GlobalSection(ExtensibilityGlobals) = postSolution
		SolutionGuid = {ADAC7F8F-3214-45CF-8161-FF36BD429D15}
	EndGlobalSection
EndGlobal
