
Microsoft Visual Studio Solution File, Format Version 12.00
# Visual Studio 15
VisualStudioVersion = 15.0.28010.2041
MinimumVisualStudioVersion = 10.0.40219.1
Project("{FAE04EC0-301F-11D3-BF4B-00C04F79EFBC}") = "multi-bracket-validation", "multi-bracket-validation\multi-bracket-validation.csproj", "{49FAFEEF-EBA8-4327-8867-EAA3528B8261}"
EndProject
Global
	GlobalSection(SolutionConfigurationPlatforms) = preSolution
		Debug|Any CPU = Debug|Any CPU
		Release|Any CPU = Release|Any CPU
	EndGlobalSection
	GlobalSection(ProjectConfigurationPlatforms) = postSolution
		{49FAFEEF-EBA8-4327-8867-EAA3528B8261}.Debug|Any CPU.ActiveCfg = Debug|Any CPU
		{49FAFEEF-EBA8-4327-8867-EAA3528B8261}.Debug|Any CPU.Build.0 = Debug|Any CPU
		{49FAFEEF-EBA8-4327-8867-EAA3528B8261}.Release|Any CPU.ActiveCfg = Release|Any CPU
		{49FAFEEF-EBA8-4327-8867-EAA3528B8261}.Release|Any CPU.Build.0 = Release|Any CPU
	EndGlobalSection
	GlobalSection(SolutionProperties) = preSolution
		HideSolutionNode = FALSE
	EndGlobalSection
	GlobalSection(ExtensibilityGlobals) = postSolution
		SolutionGuid = {ACC9C86B-0234-44E0-9CC1-711EA653ED15}
	EndGlobalSection
EndGlobal
