
Microsoft Visual Studio Solution File, Format Version 12.00
# Visual Studio 15
VisualStudioVersion = 15.0.28010.2041
MinimumVisualStudioVersion = 10.0.40219.1
Project("{9A19103F-16F7-4668-BE54-9A1E7A4F7556}") = "fibonacci", "fibonacci\fibonacci.csproj", "{3F7F87D9-82D2-44BE-AD6F-DC40994F13F4}"
EndProject
Project("{FAE04EC0-301F-11D3-BF4B-00C04F79EFBC}") = "fibonacciTest", "fibonacciTest\fibonacciTest.csproj", "{99ADE039-DEB5-4FB5-810F-305BFE2BE731}"
EndProject
Global
	GlobalSection(SolutionConfigurationPlatforms) = preSolution
		Debug|Any CPU = Debug|Any CPU
		Release|Any CPU = Release|Any CPU
	EndGlobalSection
	GlobalSection(ProjectConfigurationPlatforms) = postSolution
		{3F7F87D9-82D2-44BE-AD6F-DC40994F13F4}.Debug|Any CPU.ActiveCfg = Debug|Any CPU
		{3F7F87D9-82D2-44BE-AD6F-DC40994F13F4}.Debug|Any CPU.Build.0 = Debug|Any CPU
		{3F7F87D9-82D2-44BE-AD6F-DC40994F13F4}.Release|Any CPU.ActiveCfg = Release|Any CPU
		{3F7F87D9-82D2-44BE-AD6F-DC40994F13F4}.Release|Any CPU.Build.0 = Release|Any CPU
		{99ADE039-DEB5-4FB5-810F-305BFE2BE731}.Debug|Any CPU.ActiveCfg = Debug|Any CPU
		{99ADE039-DEB5-4FB5-810F-305BFE2BE731}.Debug|Any CPU.Build.0 = Debug|Any CPU
		{99ADE039-DEB5-4FB5-810F-305BFE2BE731}.Release|Any CPU.ActiveCfg = Release|Any CPU
		{99ADE039-DEB5-4FB5-810F-305BFE2BE731}.Release|Any CPU.Build.0 = Release|Any CPU
	EndGlobalSection
	GlobalSection(SolutionProperties) = preSolution
		HideSolutionNode = FALSE
	EndGlobalSection
	GlobalSection(ExtensibilityGlobals) = postSolution
		SolutionGuid = {4B395CEE-13EB-4735-8313-94474C08D300}
	EndGlobalSection
EndGlobal
