
Microsoft Visual Studio Solution File, Format Version 12.00
# Visual Studio 15
VisualStudioVersion = 15.0.28010.2041
MinimumVisualStudioVersion = 10.0.40219.1
Project("{FAE04EC0-301F-11D3-BF4B-00C04F79EFBC}") = "BreadthFirstTraversal", "BreadthFirstTraversal\BreadthFirstTraversal.csproj", "{BDA09DD9-7902-47A6-BA47-2D8405E99E59}"
EndProject
Project("{FAE04EC0-301F-11D3-BF4B-00C04F79EFBC}") = "BreadthFirstTraversalTest", "BreadthFirstTraversalTest\BreadthFirstTraversalTest.csproj", "{4E918929-6628-4D8A-A891-2F31274158E4}"
EndProject
Global
	GlobalSection(SolutionConfigurationPlatforms) = preSolution
		Debug|Any CPU = Debug|Any CPU
		Release|Any CPU = Release|Any CPU
	EndGlobalSection
	GlobalSection(ProjectConfigurationPlatforms) = postSolution
		{BDA09DD9-7902-47A6-BA47-2D8405E99E59}.Debug|Any CPU.ActiveCfg = Debug|Any CPU
		{BDA09DD9-7902-47A6-BA47-2D8405E99E59}.Debug|Any CPU.Build.0 = Debug|Any CPU
		{BDA09DD9-7902-47A6-BA47-2D8405E99E59}.Release|Any CPU.ActiveCfg = Release|Any CPU
		{BDA09DD9-7902-47A6-BA47-2D8405E99E59}.Release|Any CPU.Build.0 = Release|Any CPU
		{4E918929-6628-4D8A-A891-2F31274158E4}.Debug|Any CPU.ActiveCfg = Debug|Any CPU
		{4E918929-6628-4D8A-A891-2F31274158E4}.Debug|Any CPU.Build.0 = Debug|Any CPU
		{4E918929-6628-4D8A-A891-2F31274158E4}.Release|Any CPU.ActiveCfg = Release|Any CPU
		{4E918929-6628-4D8A-A891-2F31274158E4}.Release|Any CPU.Build.0 = Release|Any CPU
	EndGlobalSection
	GlobalSection(SolutionProperties) = preSolution
		HideSolutionNode = FALSE
	EndGlobalSection
	GlobalSection(ExtensibilityGlobals) = postSolution
		SolutionGuid = {8E7269B0-A164-4857-A253-A7855C29AFD2}
	EndGlobalSection
EndGlobal
