
Microsoft Visual Studio Solution File, Format Version 12.00
# Visual Studio 15
VisualStudioVersion = 15.0.28010.2041
MinimumVisualStudioVersion = 10.0.40219.1
Project("{FAE04EC0-301F-11D3-BF4B-00C04F79EFBC}") = "MergeLinkedList", "MergeLinkedList\MergeLinkedList.csproj", "{600B4DF5-3CA2-4027-A8E6-77236A4ACC59}"
EndProject
Global
	GlobalSection(SolutionConfigurationPlatforms) = preSolution
		Debug|Any CPU = Debug|Any CPU
		Release|Any CPU = Release|Any CPU
	EndGlobalSection
	GlobalSection(ProjectConfigurationPlatforms) = postSolution
		{600B4DF5-3CA2-4027-A8E6-77236A4ACC59}.Debug|Any CPU.ActiveCfg = Debug|Any CPU
		{600B4DF5-3CA2-4027-A8E6-77236A4ACC59}.Debug|Any CPU.Build.0 = Debug|Any CPU
		{600B4DF5-3CA2-4027-A8E6-77236A4ACC59}.Release|Any CPU.ActiveCfg = Release|Any CPU
		{600B4DF5-3CA2-4027-A8E6-77236A4ACC59}.Release|Any CPU.Build.0 = Release|Any CPU
	EndGlobalSection
	GlobalSection(SolutionProperties) = preSolution
		HideSolutionNode = FALSE
	EndGlobalSection
	GlobalSection(ExtensibilityGlobals) = postSolution
		SolutionGuid = {08819899-826A-403F-BE0E-40C8EA6AB187}
	EndGlobalSection
EndGlobal
